
Microsoft Visual Studio Solution File, Format Version 12.00
# Visual Studio Version 17
VisualStudioVersion = 17.5.002.0
MinimumVisualStudioVersion = 10.0.40219.1
Project("{9A19103F-16F7-4668-BE54-9A1E7A4F7556}") = "MaestroDetalle", "MaestroDetalle.csproj", "{57D9F1F7-96CB-4530-AD16-D536621789F3}"
EndProject
Global
	GlobalSection(SolutionConfigurationPlatforms) = preSolution
		Debug|Any CPU = Debug|Any CPU
		Release|Any CPU = Release|Any CPU
	EndGlobalSection
	GlobalSection(ProjectConfigurationPlatforms) = postSolution
		{57D9F1F7-96CB-4530-AD16-D536621789F3}.Debug|Any CPU.ActiveCfg = Debug|Any CPU
		{57D9F1F7-96CB-4530-AD16-D536621789F3}.Debug|Any CPU.Build.0 = Debug|Any CPU
		{57D9F1F7-96CB-4530-AD16-D536621789F3}.Release|Any CPU.ActiveCfg = Release|Any CPU
		{57D9F1F7-96CB-4530-AD16-D536621789F3}.Release|Any CPU.Build.0 = Release|Any CPU
	EndGlobalSection
	GlobalSection(SolutionProperties) = preSolution
		HideSolutionNode = FALSE
	EndGlobalSection
	GlobalSection(ExtensibilityGlobals) = postSolution
		SolutionGuid = {502BD8A5-1230-46A6-A43E-48712DE9B29F}
	EndGlobalSection
EndGlobal
